<?xml version="1.0" encoding="utf-8"?>
<Project ToolsVersion="4.0" xmlns="http://schemas.microsoft.com/developer/msbuild/2003">
  <ItemGroup>
    <Filter Include="Source Files">
      <UniqueIdentifier>{4FC737F1-C7A5-4376-A066-2A32D752A2FF}</UniqueIdentifier>
      <Extensions>cpp;c;cc;cxx;def;odl;idl;hpj;bat;asm;asmx</Extensions>
    </Filter>
    <Filter Include="Header Files">
      <UniqueIdentifier>{93995380-89BD-4b04-88EB-625FBE52EBFB}</UniqueIdentifier>
      <Extensions>h;hh;hpp;hxx;hm;inl;inc;xsd</Extensions>
    </Filter>
    <Filter Include="Header Files\Entities">
      <UniqueIdentifier>{183301f2-d0dc-4604-887f-70916ebc9540}</UniqueIdentifier>
    </Filter>
    <Filter Include="Header Files\Manager">
      <UniqueIdentifier>{4109ebf3-451f-4b59-abe6-385fa5b5f9dd}</UniqueIdentifier>
    </Filter>
    <Filter Include="Source Files\Entities">
      <UniqueIdentifier>{e5ecd71f-5629-47c3-8feb-a404fe8e883d}</UniqueIdentifier>
    </Filter>
    <Filter Include="Source Files\Manager">
      <UniqueIdentifier>{cc13f73e-39b8-44ef-a450-4e180945cd5c}</UniqueIdentifier>
    </Filter>
    <Filter Include="Header Files\JsonModule">
      <UniqueIdentifier>{33249130-9466-4d98-bccf-92e970de5d17}</UniqueIdentifier>
    </Filter>
    <Filter Include="Source Files\JsonModule">
      <UniqueIdentifier>{ce97bec1-4b48-4e98-8e73-e110e5f75b53}</UniqueIdentifier>
    </Filter>
  </ItemGroup>
  <ItemGroup>
    <ClInclude Include="Entity.h">
      <Filter>Header Files\Entities</Filter>
    </ClInclude>
    <ClInclude Include="File.h">
      <Filter>Header Files\Entities</Filter>
    </ClInclude>
    <ClInclude Include="Group.h">
      <Filter>Header Files\Entities</Filter>
    </ClInclude>
    <ClInclude Include="Admin.h">
      <Filter>Header Files</Filter>
    </ClInclude>
    <ClInclude Include="ISynchronize.h">
      <Filter>Header Files\Entities</Filter>
    </ClInclude>
    <ClInclude Include="ShareFolder.h">
      <Filter>Header Files\Entities</Filter>
    </ClInclude>
    <ClInclude Include="User.h">
      <Filter>Header Files\Entities</Filter>
    </ClInclude>
    <ClInclude Include="Authentificator.h">
      <Filter>Header Files\Manager</Filter>
    </ClInclude>
    <ClInclude Include="GroupManager.h">
      <Filter>Header Files\Manager</Filter>
    </ClInclude>
    <ClInclude Include="LoginManager.h">
      <Filter>Header Files\Manager</Filter>
    </ClInclude>
    <ClInclude Include="UserManager.h">
      <Filter>Header Files\Manager</Filter>
    </ClInclude>
    <ClInclude Include="Server.h">
      <Filter>Header Files</Filter>
    </ClInclude>
    <ClInclude Include="JsonWriter.h">
      <Filter>Header Files\JsonModule</Filter>
    </ClInclude>
    <ClInclude Include="ReaderFromClient.h">
      <Filter>Header Files\JsonModule</Filter>
    </ClInclude>
  </ItemGroup>
  <ItemGroup>
    <ClCompile Include="Entity.cpp">
      <Filter>Source Files\Entities</Filter>
    </ClCompile>
    <ClCompile Include="File.cpp">
      <Filter>Source Files\Entities</Filter>
    </ClCompile>
    <ClCompile Include="Group.cpp">
      <Filter>Source Files\Entities</Filter>
    </ClCompile>
    <ClCompile Include="ShareFolder.cpp">
      <Filter>Source Files\Entities</Filter>
    </ClCompile>
    <ClCompile Include="Admin.cpp">
      <Filter>Source Files</Filter>
    </ClCompile>
    <ClCompile Include="User.cpp">
      <Filter>Source Files\Entities</Filter>
    </ClCompile>
    <ClCompile Include="Authentificator.cpp">
      <Filter>Source Files\Manager</Filter>
    </ClCompile>
    <ClCompile Include="GroupManager.cpp">
      <Filter>Source Files\Manager</Filter>
    </ClCompile>
    <ClCompile Include="LoginManager.cpp">
      <Filter>Source Files\Manager</Filter>
    </ClCompile>
    <ClCompile Include="UserManager.cpp">
      <Filter>Source Files\Manager</Filter>
    </ClCompile>
    <ClCompile Include="Source.cpp">
      <Filter>Source Files</Filter>
    </ClCompile>
    <ClCompile Include="Server.cpp">
      <Filter>Source Files</Filter>
    </ClCompile>
    <ClCompile Include="JsonWriter.cpp">
      <Filter>Source Files\JsonModule</Filter>
    </ClCompile>
    <ClCompile Include="ReaderFromClient.cpp">
      <Filter>Source Files\JsonModule</Filter>
    </ClCompile>
  </ItemGroup>
  <ItemGroup>
    <None Include="packages.config" />
  </ItemGroup>
</Project>